// !$*UTF8*$!
{
	archiveVersion = 1;
	classes = {
	};
	objectVersion = 50;
	objects = {

/* Begin PBXBuildFile section */
		B993CAA824479A1800C0F64C /* AppDelegate.swift in Sources */ = {isa = PBXBuildFile; fileRef = B993CAA724479A1800C0F64C /* AppDelegate.swift */; };
		B993CAAA24479A1800C0F64C /* SceneDelegate.swift in Sources */ = {isa = PBXBuildFile; fileRef = B993CAA924479A1800C0F64C /* SceneDelegate.swift */; };
		B993CAAD24479A1800C0F64C /* CoreDataProject.xcdatamodeld in Sources */ = {isa = PBXBuildFile; fileRef = B993CAAB24479A1800C0F64C /* CoreDataProject.xcdatamodeld */; };
		B993CAAF24479A1800C0F64C /* ContentView.swift in Sources */ = {isa = PBXBuildFile; fileRef = B993CAAE24479A1800C0F64C /* ContentView.swift */; };
		B993CAB124479A2000C0F64C /* Assets.xcassets in Resources */ = {isa = PBXBuildFile; fileRef = B993CAB024479A2000C0F64C /* Assets.xcassets */; };
		B993CAB424479A2000C0F64C /* Preview Assets.xcassets in Resources */ = {isa = PBXBuildFile; fileRef = B993CAB324479A2000C0F64C /* Preview Assets.xcassets */; };
		B993CAB724479A2000C0F64C /* LaunchScreen.storyboard in Resources */ = {isa = PBXBuildFile; fileRef = B993CAB524479A2000C0F64C /* LaunchScreen.storyboard */; };
/* End PBXBuildFile section */

/* Begin PBXFileReference section */
		B993CAA424479A1800C0F64C /* CoreDataProject.app */ = {isa = PBXFileReference; explicitFileType = wrapper.application; includeInIndex = 0; path = CoreDataProject.app; sourceTree = BUILT_PRODUCTS_DIR; };
		B993CAA724479A1800C0F64C /* AppDelegate.swift */ = {isa = PBXFileReference; lastKnownFileType = sourcecode.swift; path = AppDelegate.swift; sourceTree = "<group>"; };
		B993CAA924479A1800C0F64C /* SceneDelegate.swift */ = {isa = PBXFileReference; lastKnownFileType = sourcecode.swift; path = SceneDelegate.swift; sourceTree = "<group>"; };
		B993CAAC24479A1800C0F64C /* CoreDataProject.xcdatamodel */ = {isa = PBXFileReference; lastKnownFileType = wrapper.xcdatamodel; path = CoreDataProject.xcdatamodel; sourceTree = "<group>"; };
		B993CAAE24479A1800C0F64C /* ContentView.swift */ = {isa = PBXFileReference; lastKnownFileType = sourcecode.swift; path = ContentView.swift; sourceTree = "<group>"; };
		B993CAB024479A2000C0F64C /* Assets.xcassets */ = {isa = PBXFileReference; lastKnownFileType = folder.assetcatalog; path = Assets.xcassets; sourceTree = "<group>"; };
		B993CAB324479A2000C0F64C /* Preview Assets.xcassets */ = {isa = PBXFileReference; lastKnownFileType = folder.assetcatalog; path = "Preview Assets.xcassets"; sourceTree = "<group>"; };
		B993CAB624479A2000C0F64C /* Base */ = {isa = PBXFileReference; lastKnownFileType = file.storyboard; name = Base; path = Base.lproj/LaunchScreen.storyboard; sourceTree = "<group>"; };
		B993CAB824479A2000C0F64C /* Info.plist */ = {isa = PBXFileReference; lastKnownFileType = text.plist.xml; path = Info.plist; sourceTree = "<group>"; };
/* End PBXFileReference section */

/* Begin PBXFrameworksBuildPhase section */
		B993CAA124479A1800C0F64C /* Frameworks */ = {
			isa = PBXFrameworksBuildPhase;
			buildActionMask = 2147483647;
			files = (
			);
			runOnlyForDeploymentPostprocessing = 0;
		};
/* End PBXFrameworksBuildPhase section */

/* Begin PBXGroup section */
		B993CA9B24479A1800C0F64C = {
			isa = PBXGroup;
			children = (
				B993CAA624479A1800C0F64C /* CoreDataProject */,
				B993CAA524479A1800C0F64C /* Products */,
			);
			sourceTree = "<group>";
		};
		B993CAA524479A1800C0F64C /* Products */ = {
			isa = PBXGroup;
			children = (
				B993CAA424479A1800C0F64C /* CoreDataProject.app */,
			);
			name = Products;
			sourceTree = "<group>";
		};
		B993CAA624479A1800C0F64C /* CoreDataProject */ = {
			isa = PBXGroup;
			children = (
				B993CAA724479A1800C0F64C /* AppDelegate.swift */,
				B993CAA924479A1800C0F64C /* SceneDelegate.swift */,
				B993CAAE24479A1800C0F64C /* ContentView.swift */,
				B993CAB024479A2000C0F64C /* Assets.xcassets */,
				B993CAB524479A2000C0F64C /* LaunchScreen.storyboard */,
				B993CAB824479A2000C0F64C /* Info.plist */,
				B993CAAB24479A1800C0F64C /* CoreDataProject.xcdatamodeld */,
				B993CAB224479A2000C0F64C /* Preview Content */,
			);
			path = CoreDataProject;
			sourceTree = "<group>";
		};
		B993CAB224479A2000C0F64C /* Preview Content */ = {
			isa = PBXGroup;
			children = (
				B993CAB324479A2000C0F64C /* Preview Assets.xcassets */,
			);
			path = "Preview Content";
			sourceTree = "<group>";
		};
/* End PBXGroup section */

/* Begin PBXNativeTarget section */
		B993CAA324479A1800C0F64C /* CoreDataProject */ = {
			isa = PBXNativeTarget;
			buildConfigurationList = B993CABB24479A2000C0F64C /* Build configuration list for PBXNativeTarget "CoreDataProject" */;
			buildPhases = (
				B993CAA024479A1800C0F64C /* Sources */,
				B993CAA124479A1800C0F64C /* Frameworks */,
				B993CAA224479A1800C0F64C /* Resources */,
			);
			buildRules = (
			);
			dependencies = (
			);
			name = CoreDataProject;
			productName = CoreDataProject;
			productReference = B993CAA424479A1800C0F64C /* CoreDataProject.app */;
			productType = "com.apple.product-type.application";
		};
/* End PBXNativeTarget section */

/* Begin PBXProject section */
		B993CA9C24479A1800C0F64C /* Project object */ = {
			isa = PBXProject;
			attributes = {
				LastSwiftUpdateCheck = 1120;
				LastUpgradeCheck = 1120;
				ORGANIZATIONNAME = "slava bily";
				TargetAttributes = {
					B993CAA324479A1800C0F64C = {
						CreatedOnToolsVersion = 11.2.1;
					};
				};
			};
			buildConfigurationList = B993CA9F24479A1800C0F64C /* Build configuration list for PBXProject "CoreDataProject" */;
			compatibilityVersion = "Xcode 9.3";
			developmentRegion = en;
			hasScannedForEncodings = 0;
			knownRegions = (
				en,
				Base,
			);
			mainGroup = B993CA9B24479A1800C0F64C;
			productRefGroup = B993CAA524479A1800C0F64C /* Products */;
			projectDirPath = "";
			projectRoot = "";
			targets = (
				B993CAA324479A1800C0F64C /* CoreDataProject */,
			);
		};
/* End PBXProject section */

/* Begin PBXResourcesBuildPhase section */
		B993CAA224479A1800C0F64C /* Resources */ = {
			isa = PBXResourcesBuildPhase;
			buildActionMask = 2147483647;
			files = (
				B993CAB724479A2000C0F64C /* LaunchScreen.storyboard in Resources */,
				B993CAB424479A2000C0F64C /* Preview Assets.xcassets in Resources */,
				B993CAB124479A2000C0F64C /* Assets.xcassets in Resources */,
			);
			runOnlyForDeploymentPostprocessing = 0;
		};
/* End PBXResourcesBuildPhase section */

/* Begin PBXSourcesBuildPhase section */
		B993CAA024479A1800C0F64C /* Sources */ = {
			isa = PBXSourcesBuildPhase;
			buildActionMask = 2147483647;
			files = (
				B993CAA824479A1800C0F64C /* AppDelegate.swift in Sources */,
				B993CAAA24479A1800C0F64C /* SceneDelegate.swift in Sources */,
				B993CAAF24479A1800C0F64C /* ContentView.swift in Sources */,
				B993CAAD24479A1800C0F64C /* CoreDataProject.xcdatamodeld in Sources */,
			);
			runOnlyForDeploymentPostprocessing = 0;
		};
/* End PBXSourcesBuildPhase section */

/* Begin PBXVariantGroup section */
		B993CAB524479A2000C0F64C /* LaunchScreen.storyboard */ = {
			isa = PBXVariantGroup;
			children = (
				B993CAB624479A2000C0F64C /* Base */,
			);
			name = LaunchScreen.storyboard;
			sourceTree = "<group>";
		};
/* End PBXVariantGroup section */

/* Begin XCBuildConfiguration section */
		B993CAB924479A2000C0F64C /* Debug */ = {
			isa = XCBuildConfiguration;
			buildSettings = {
				ALWAYS_SEARCH_USER_PATHS = NO;
				CLANG_ANALYZER_NONNULL = YES;
				CLANG_ANALYZER_NUMBER_OBJECT_CONVERSION = YES_AGGRESSIVE;
				CLANG_CXX_LANGUAGE_STANDARD = "gnu++14";
				CLANG_CXX_LIBRARY = "libc++";
				CLANG_ENABLE_MODULES = YES;
				CLANG_ENABLE_OBJC_ARC = YES;
				CLANG_ENABLE_OBJC_WEAK = YES;
				CLANG_WARN_BLOCK_CAPTURE_AUTORELEASING = YES;
				CLANG_WARN_BOOL_CONVERSION = YES;
				CLANG_WARN_COMMA = YES;
				CLANG_WARN_CONSTANT_CONVERSION = YES;
				CLANG_WARN_DEPRECATED_OBJC_IMPLEMENTATIONS = YES;
				CLANG_WARN_DIRECT_OBJC_ISA_USAGE = YES_ERROR;
				CLANG_WARN_DOCUMENTATION_COMMENTS = YES;
				CLANG_WARN_EMPTY_BODY = YES;
				CLANG_WARN_ENUM_CONVERSION = YES;
				CLANG_WARN_INFINITE_RECURSION = YES;
				CLANG_WARN_INT_CONVERSION = YES;
				CLANG_WARN_NON_LITERAL_NULL_CONVERSION = YES;
				CLANG_WARN_OBJC_IMPLICIT_RETAIN_SELF = YES;
				CLANG_WARN_OBJC_LITERAL_CONVERSION = YES;
				CLANG_WARN_OBJC_ROOT_CLASS = YES_ERROR;
				CLANG_WARN_RANGE_LOOP_ANALYSIS = YES;
				CLANG_WARN_STRICT_PROTOTYPES = YES;
				CLANG_WARN_SUSPICIOUS_MOVE = YES;
				CLANG_WARN_UNGUARDED_AVAILABILITY = YES_AGGRESSIVE;
				CLANG_WARN_UNREACHABLE_CODE = YES;
				CLANG_WARN__DUPLICATE_METHOD_MATCH = YES;
				COPY_PHASE_STRIP = NO;
				DEBUG_INFORMATION_FORMAT = dwarf;
				ENABLE_STRICT_OBJC_MSGSEND = YES;
				ENABLE_TESTABILITY = YES;
				GCC_C_LANGUAGE_STANDARD = gnu11;
				GCC_DYNAMIC_NO_PIC = NO;
				GCC_NO_COMMON_BLOCKS = YES;
				GCC_OPTIMIZATION_LEVEL = 0;
				GCC_PREPROCESSOR_DEFINITIONS = (
					"DEBUG=1",
					"$(inherited)",
				);
				GCC_WARN_64_TO_32_BIT_CONVERSION = YES;
				GCC_WARN_ABOUT_RETURN_TYPE = YES_ERROR;
				GCC_WARN_UNDECLARED_SELECTOR = YES;
				GCC_WARN_UNINITIALIZED_AUTOS = YES_AGGRESSIVE;
				GCC_WARN_UNUSED_FUNCTION = YES;
				GCC_WARN_UNUSED_VARIABLE = YES;
				IPHONEOS_DEPLOYMENT_TARGET = 13.2;
				MTL_ENABLE_DEBUG_INFO = INCLUDE_SOURCE;
				MTL_FAST_MATH = YES;
				ONLY_ACTIVE_ARCH = YES;
				SDKROOT = iphoneos;
				SWIFT_ACTIVE_COMPILATION_CONDITIONS = DEBUG;
				SWIFT_OPTIMIZATION_LEVEL = "-Onone";
			};
			name = Debug;
		};
		B993CABA24479A2000C0F64C /* Release */ = {
			isa = XCBuildConfiguration;
			buildSettings = {
				ALWAYS_SEARCH_USER_PATHS = NO;
				CLANG_ANALYZER_NONNULL = YES;
				CLANG_ANALYZER_NUMBER_OBJECT_CONVERSION = YES_AGGRESSIVE;
				CLANG_CXX_LANGUAGE_STANDARD = "gnu++14";
				CLANG_CXX_LIBRARY = "libc++";
				CLANG_ENABLE_MODULES = YES;
				CLANG_ENABLE_OBJC_ARC = YES;
				CLANG_ENABLE_OBJC_WEAK = YES;
				CLANG_WARN_BLOCK_CAPTURE_AUTORELEASING = YES;
				CLANG_WARN_BOOL_CONVERSION = YES;
				CLANG_WARN_COMMA = YES;
				CLANG_WARN_CONSTANT_CONVERSION = YES;
				CLANG_WARN_DEPRECATED_OBJC_IMPLEMENTATIONS = YES;
				CLANG_WARN_DIRECT_OBJC_ISA_USAGE = YES_ERROR;
				CLANG_WARN_DOCUMENTATION_COMMENTS = YES;
				CLANG_WARN_EMPTY_BODY = YES;
				CLANG_WARN_ENUM_CONVERSION = YES;
				CLANG_WARN_INFINITE_RECURSION = YES;
				CLANG_WARN_INT_CONVERSION = YES;
				CLANG_WARN_NON_LITERAL_NULL_CONVERSION = YES;
				CLANG_WARN_OBJC_IMPLICIT_RETAIN_SELF = YES;
				CLANG_WARN_OBJC_LITERAL_CONVERSION = YES;
				CLANG_WARN_OBJC_ROOT_CLASS = YES_ERROR;
				CLANG_WARN_RANGE_LOOP_ANALYSIS = YES;
				CLANG_WARN_STRICT_PROTOTYPES = YES;
				CLANG_WARN_SUSPICIOUS_MOVE = YES;
				CLANG_WARN_UNGUARDED_AVAILABILITY = YES_AGGRESSIVE;
				CLANG_WARN_UNREACHABLE_CODE = YES;
				CLANG_WARN__DUPLICATE_METHOD_MATCH = YES;
				COPY_PHASE_STRIP = NO;
				DEBUG_INFORMATION_FORMAT = "dwarf-with-dsym";
				ENABLE_NS_ASSERTIONS = NO;
				ENABLE_STRICT_OBJC_MSGSEND = YES;
				GCC_C_LANGUAGE_STANDARD = gnu11;
				GCC_NO_COMMON_BLOCKS = YES;
				GCC_WARN_64_TO_32_BIT_CONVERSION = YES;
				GCC_WARN_ABOUT_RETURN_TYPE = YES_ERROR;
				GCC_WARN_UNDECLARED_SELECTOR = YES;
				GCC_WARN_UNINITIALIZED_AUTOS = YES_AGGRESSIVE;
				GCC_WARN_UNUSED_FUNCTION = YES;
				GCC_WARN_UNUSED_VARIABLE = YES;
				IPHONEOS_DEPLOYMENT_TARGET = 13.2;
				MTL_ENABLE_DEBUG_INFO = NO;
				MTL_FAST_MATH = YES;
				SDKROOT = iphoneos;
				SWIFT_COMPILATION_MODE = wholemodule;
				SWIFT_OPTIMIZATION_LEVEL = "-O";
				VALIDATE_PRODUCT = YES;
			};
			name = Release;
		};
		B993CABC24479A2000C0F64C /* Debug */ = {
			isa = XCBuildConfiguration;
			buildSettings = {
				ASSETCATALOG_COMPILER_APPICON_NAME = AppIcon;
				CODE_SIGN_STYLE = Automatic;
				DEVELOPMENT_ASSET_PATHS = "\"CoreDataProject/Preview Content\"";
				DEVELOPMENT_TEAM = L6T2S9K4GS;
				ENABLE_PREVIEWS = YES;
				INFOPLIST_FILE = CoreDataProject/Info.plist;
				LD_RUNPATH_SEARCH_PATHS = (
					"$(inherited)",
					"@executable_path/Frameworks",
				);
				PRODUCT_BUNDLE_IDENTIFIER = me.Bily.Vyacheslav.CoreDataProject;
				PRODUCT_NAME = "$(TARGET_NAME)";
				SWIFT_VERSION = 5.0;
				TARGETED_DEVICE_FAMILY = "1,2";
			};
			name = Debug;
		};
		B993CABD24479A2000C0F64C /* Release */ = {
			isa = XCBuildConfiguration;
			buildSettings = {
				ASSETCATALOG_COMPILER_APPICON_NAME = AppIcon;
				CODE_SIGN_STYLE = Automatic;
				DEVELOPMENT_ASSET_PATHS = "\"CoreDataProject/Preview Content\"";
				DEVELOPMENT_TEAM = L6T2S9K4GS;
				ENABLE_PREVIEWS = YES;
				INFOPLIST_FILE = CoreDataProject/Info.plist;
				LD_RUNPATH_SEARCH_PATHS = (
					"$(inherited)",
					"@executable_path/Frameworks",
				);
				PRODUCT_BUNDLE_IDENTIFIER = me.Bily.Vyacheslav.CoreDataProject;
				PRODUCT_NAME = "$(TARGET_NAME)";
				SWIFT_VERSION = 5.0;
				TARGETED_DEVICE_FAMILY = "1,2";
			};
			name = Release;
		};
/* End XCBuildConfiguration section */

/* Begin XCConfigurationList section */
		B993CA9F24479A1800C0F64C /* Build configuration list for PBXProject "CoreDataProject" */ = {
			isa = XCConfigurationList;
			buildConfigurations = (
				B993CAB924479A2000C0F64C /* Debug */,
				B993CABA24479A2000C0F64C /* Release */,
			);
			defaultConfigurationIsVisible = 0;
			defaultConfigurationName = Release;
		};
		B993CABB24479A2000C0F64C /* Build configuration list for PBXNativeTarget "CoreDataProject" */ = {
			isa = XCConfigurationList;
			buildConfigurations = (
				B993CABC24479A2000C0F64C /* Debug */,
				B993CABD24479A2000C0F64C /* Release */,
			);
			defaultConfigurationIsVisible = 0;
			defaultConfigurationName = Release;
		};
/* End XCConfigurationList section */

/* Begin XCVersionGroup section */
		B993CAAB24479A1800C0F64C /* CoreDataProject.xcdatamodeld */ = {
			isa = XCVersionGroup;
			children = (
				B993CAAC24479A1800C0F64C /* CoreDataProject.xcdatamodel */,
			);
			currentVersion = B993CAAC24479A1800C0F64C /* CoreDataProject.xcdatamodel */;
			path = CoreDataProject.xcdatamodeld;
			sourceTree = "<group>";
			versionGroupType = wrapper.xcdatamodel;
		};
/* End XCVersionGroup section */
	};
	rootObject = B993CA9C24479A1800C0F64C /* Project object */;
}
